
Microsoft Visual Studio Solution File, Format Version 12.00
# Visual Studio 15
VisualStudioVersion = 15.0.28307.1062
MinimumVisualStudioVersion = 10.0.40219.1
Project("{FAE04EC0-301F-11D3-BF4B-00C04F79EFBC}") = "SPD_Lab_1", "SPD_Lab_1\SPD_Lab_1.csproj", "{5294E634-679E-45D4-A613-71B750E4179D}"
EndProject
Project("{FAE04EC0-301F-11D3-BF4B-00C04F79EFBC}") = "SPD_Lab_2", "SPD_Lab_2\SPD_Lab_2.csproj", "{44A5D5CA-34CA-44BA-8E97-2F21E3FA050C}"
EndProject
Global
	GlobalSection(SolutionConfigurationPlatforms) = preSolution
		Debug|Any CPU = Debug|Any CPU
		Release|Any CPU = Release|Any CPU
	EndGlobalSection
	GlobalSection(ProjectConfigurationPlatforms) = postSolution
		{5294E634-679E-45D4-A613-71B750E4179D}.Debug|Any CPU.ActiveCfg = Debug|Any CPU
		{5294E634-679E-45D4-A613-71B750E4179D}.Debug|Any CPU.Build.0 = Debug|Any CPU
		{5294E634-679E-45D4-A613-71B750E4179D}.Release|Any CPU.ActiveCfg = Release|Any CPU
		{5294E634-679E-45D4-A613-71B750E4179D}.Release|Any CPU.Build.0 = Release|Any CPU
		{44A5D5CA-34CA-44BA-8E97-2F21E3FA050C}.Debug|Any CPU.ActiveCfg = Debug|Any CPU
		{44A5D5CA-34CA-44BA-8E97-2F21E3FA050C}.Debug|Any CPU.Build.0 = Debug|Any CPU
		{44A5D5CA-34CA-44BA-8E97-2F21E3FA050C}.Release|Any CPU.ActiveCfg = Release|Any CPU
		{44A5D5CA-34CA-44BA-8E97-2F21E3FA050C}.Release|Any CPU.Build.0 = Release|Any CPU
	EndGlobalSection
	GlobalSection(SolutionProperties) = preSolution
		HideSolutionNode = FALSE
	EndGlobalSection
	GlobalSection(ExtensibilityGlobals) = postSolution
		SolutionGuid = {1147D958-0002-4BE2-8E4E-2BFC745BA3C2}
	EndGlobalSection
EndGlobal
